
Microsoft Visual Studio Solution File, Format Version 12.00
# Visual Studio 15
VisualStudioVersion = 15.0.27130.2024
MinimumVisualStudioVersion = 10.0.40219.1
Project("{9A19103F-16F7-4668-BE54-9A1E7A4F7556}") = "DumbFTP", "DumbFTP.csproj", "{0932F4B4-2112-4DA0-BA2D-C531559EF508}"
EndProject
Project("{9A19103F-16F7-4668-BE54-9A1E7A4F7556}") = "XUnitTests", "test\XUnitTests\XUnitTests.csproj", "{18630438-1F4C-497B-BE4D-FFF9AD6FF939}"
EndProject
Project("{9A19103F-16F7-4668-BE54-9A1E7A4F7556}") = "XIntegrationTests", "test\XIntegrationTests\XIntegrationTests.csproj", "{8C6CE032-183A-4DDA-A184-6CE3E57A9864}"
EndProject
Global
	GlobalSection(SolutionConfigurationPlatforms) = preSolution
		Debug|Any CPU = Debug|Any CPU
		Release|Any CPU = Release|Any CPU
	EndGlobalSection
	GlobalSection(ProjectConfigurationPlatforms) = postSolution
		{0932F4B4-2112-4DA0-BA2D-C531559EF508}.Debug|Any CPU.ActiveCfg = Debug|Any CPU
		{0932F4B4-2112-4DA0-BA2D-C531559EF508}.Debug|Any CPU.Build.0 = Debug|Any CPU
		{0932F4B4-2112-4DA0-BA2D-C531559EF508}.Release|Any CPU.ActiveCfg = Release|Any CPU
		{0932F4B4-2112-4DA0-BA2D-C531559EF508}.Release|Any CPU.Build.0 = Release|Any CPU
		{18630438-1F4C-497B-BE4D-FFF9AD6FF939}.Debug|Any CPU.ActiveCfg = Debug|Any CPU
		{18630438-1F4C-497B-BE4D-FFF9AD6FF939}.Debug|Any CPU.Build.0 = Debug|Any CPU
		{18630438-1F4C-497B-BE4D-FFF9AD6FF939}.Release|Any CPU.ActiveCfg = Release|Any CPU
		{18630438-1F4C-497B-BE4D-FFF9AD6FF939}.Release|Any CPU.Build.0 = Release|Any CPU
		{8C6CE032-183A-4DDA-A184-6CE3E57A9864}.Debug|Any CPU.ActiveCfg = Debug|Any CPU
		{8C6CE032-183A-4DDA-A184-6CE3E57A9864}.Debug|Any CPU.Build.0 = Debug|Any CPU
		{8C6CE032-183A-4DDA-A184-6CE3E57A9864}.Release|Any CPU.ActiveCfg = Release|Any CPU
		{8C6CE032-183A-4DDA-A184-6CE3E57A9864}.Release|Any CPU.Build.0 = Release|Any CPU
	EndGlobalSection
	GlobalSection(SolutionProperties) = preSolution
		HideSolutionNode = FALSE
	EndGlobalSection
	GlobalSection(ExtensibilityGlobals) = postSolution
		SolutionGuid = {09CDF6B2-8778-4B10-ADCA-F03F81FFDDC0}
	EndGlobalSection
EndGlobal
